
Microsoft Visual Studio Solution File, Format Version 12.00
# Visual Studio 15
VisualStudioVersion = 15.0.27703.2042
MinimumVisualStudioVersion = 10.0.40219.1
Project("{FAE04EC0-301F-11D3-BF4B-00C04F79EFBC}") = "CommerceV3", "CommerceV3\CommerceV3.csproj", "{A80E7F32-0A82-4487-88AA-6DA367DBA4BE}"
EndProject
Global
	GlobalSection(SolutionConfigurationPlatforms) = preSolution
		Debug|Any CPU = Debug|Any CPU
		Release|Any CPU = Release|Any CPU
	EndGlobalSection
	GlobalSection(ProjectConfigurationPlatforms) = postSolution
		{A80E7F32-0A82-4487-88AA-6DA367DBA4BE}.Debug|Any CPU.ActiveCfg = Debug|Any CPU
		{A80E7F32-0A82-4487-88AA-6DA367DBA4BE}.Debug|Any CPU.Build.0 = Debug|Any CPU
		{A80E7F32-0A82-4487-88AA-6DA367DBA4BE}.Release|Any CPU.ActiveCfg = Release|Any CPU
		{A80E7F32-0A82-4487-88AA-6DA367DBA4BE}.Release|Any CPU.Build.0 = Release|Any CPU
	EndGlobalSection
	GlobalSection(SolutionProperties) = preSolution
		HideSolutionNode = FALSE
	EndGlobalSection
	GlobalSection(ExtensibilityGlobals) = postSolution
		SolutionGuid = {E8C90DEF-395A-40F4-91D7-498F3F23244F}
	EndGlobalSection
EndGlobal
